
Microsoft Visual Studio Solution File, Format Version 12.00
# Visual Studio 2013
VisualStudioVersion = 12.0.31101.0
MinimumVisualStudioVersion = 10.0.40219.1
Project("{FAE04EC0-301F-11D3-BF4B-00C04F79EFBC}") = "MovieRatingsData", "MovieRatingsData\MovieRatingsData.csproj", "{3F9AA51C-D6D6-4C8C-99F9-647D1183D53C}"
EndProject
Project("{2150E333-8FDC-42A3-9474-1A3956D46DE8}") = "PublishScripts", "PublishScripts", "{53B3B93F-B25B-4270-BC61-7D722032E265}"
	ProjectSection(SolutionItems) = preProject
		PublishScripts\AzureWebsitePublishModule.psm1 = PublishScripts\AzureWebsitePublishModule.psm1
		PublishScripts\Publish-WebApplicationWebsite.ps1 = PublishScripts\Publish-WebApplicationWebsite.ps1
	EndProjectSection
EndProject
Project("{2150E333-8FDC-42A3-9474-1A3956D46DE8}") = "Configurations", "Configurations", "{D0DF6463-12DA-4A95-8402-22D52D9E6007}"
	ProjectSection(SolutionItems) = preProject
		PublishScripts\Configurations\MovieRatingsData-WAWS-dev.json = PublishScripts\Configurations\MovieRatingsData-WAWS-dev.json
	EndProjectSection
EndProject
Global
	GlobalSection(SolutionConfigurationPlatforms) = preSolution
		Debug|Any CPU = Debug|Any CPU
		Release|Any CPU = Release|Any CPU
	EndGlobalSection
	GlobalSection(ProjectConfigurationPlatforms) = postSolution
		{3F9AA51C-D6D6-4C8C-99F9-647D1183D53C}.Debug|Any CPU.ActiveCfg = Debug|Any CPU
		{3F9AA51C-D6D6-4C8C-99F9-647D1183D53C}.Debug|Any CPU.Build.0 = Debug|Any CPU
		{3F9AA51C-D6D6-4C8C-99F9-647D1183D53C}.Release|Any CPU.ActiveCfg = Release|Any CPU
		{3F9AA51C-D6D6-4C8C-99F9-647D1183D53C}.Release|Any CPU.Build.0 = Release|Any CPU
	EndGlobalSection
	GlobalSection(SolutionProperties) = preSolution
		HideSolutionNode = FALSE
	EndGlobalSection
	GlobalSection(NestedProjects) = preSolution
		{D0DF6463-12DA-4A95-8402-22D52D9E6007} = {53B3B93F-B25B-4270-BC61-7D722032E265}
	EndGlobalSection
EndGlobal
